# This file is automatically @generated by Cargo.
# It is not intended for manual editing.
version = 4

[[package]]
name = "netlink-packet-core"
version = "0.8.0"
source = "registry+https://github.com/rust-lang/crates.io-index"
checksum = "745d789fe0958caf7252f5e1e900ce5c09b6a5bf05c7bba02a9cc600866ce31e"
dependencies = [
 "pastey",
]

[[package]]
name = "pastey"
version = "0.1.1"
source = "registry+https://github.com/rust-lang/crates.io-index"
checksum = "35fb2e5f958ec131621fdd531e9fc186ed768cbe395337403ae56c17a74c68ec"

[[package]]
name = "serialization-deserialization-netlink-rs"
version = "0.1.0"
dependencies = [
 "netlink-packet-core",
]
